
Microsoft Visual Studio Solution File, Format Version 12.00
# Visual Studio Version 17
VisualStudioVersion = 17.3.32901.215
MinimumVisualStudioVersion = 10.0.40219.1
Project("{FAE04EC0-301F-11D3-BF4B-00C04F79EFBC}") = "AreaOfTriangle", "AreaOfTriangle\AreaOfTriangle.csproj", "{FAD4C07C-7B2E-40F7-8185-C10CB22D215F}"
EndProject
Project("{FAE04EC0-301F-11D3-BF4B-00C04F79EFBC}") = "AreaAndPerimeterOfCircle", "AreaAndPerimeterOfCircle\AreaAndPerimeterOfCircle.csproj", "{A8608D65-D296-41D0-A485-6650AA7F4131}"
EndProject
Global
	GlobalSection(SolutionConfigurationPlatforms) = preSolution
		Debug|Any CPU = Debug|Any CPU
		Release|Any CPU = Release|Any CPU
	EndGlobalSection
	GlobalSection(ProjectConfigurationPlatforms) = postSolution
		{FAD4C07C-7B2E-40F7-8185-C10CB22D215F}.Debug|Any CPU.ActiveCfg = Debug|Any CPU
		{FAD4C07C-7B2E-40F7-8185-C10CB22D215F}.Debug|Any CPU.Build.0 = Debug|Any CPU
		{FAD4C07C-7B2E-40F7-8185-C10CB22D215F}.Release|Any CPU.ActiveCfg = Release|Any CPU
		{FAD4C07C-7B2E-40F7-8185-C10CB22D215F}.Release|Any CPU.Build.0 = Release|Any CPU
		{A8608D65-D296-41D0-A485-6650AA7F4131}.Debug|Any CPU.ActiveCfg = Debug|Any CPU
		{A8608D65-D296-41D0-A485-6650AA7F4131}.Debug|Any CPU.Build.0 = Debug|Any CPU
		{A8608D65-D296-41D0-A485-6650AA7F4131}.Release|Any CPU.ActiveCfg = Release|Any CPU
		{A8608D65-D296-41D0-A485-6650AA7F4131}.Release|Any CPU.Build.0 = Release|Any CPU
	EndGlobalSection
	GlobalSection(SolutionProperties) = preSolution
		HideSolutionNode = FALSE
	EndGlobalSection
	GlobalSection(ExtensibilityGlobals) = postSolution
		SolutionGuid = {BDFF8E89-B934-4D79-8427-DCFF0CDE39D0}
	EndGlobalSection
EndGlobal
