
Microsoft Visual Studio Solution File, Format Version 12.00
# Visual Studio Version 17
VisualStudioVersion = 17.3.32901.215
MinimumVisualStudioVersion = 10.0.40219.1
Project("{FAE04EC0-301F-11D3-BF4B-00C04F79EFBC}") = "BiggerThan9", "BiggerThan9\BiggerThan9.csproj", "{08D7DB6C-D083-4042-A85D-7F7EAD4B7146}"
EndProject
Global
	GlobalSection(SolutionConfigurationPlatforms) = preSolution
		Debug|Any CPU = Debug|Any CPU
		Release|Any CPU = Release|Any CPU
	EndGlobalSection
	GlobalSection(ProjectConfigurationPlatforms) = postSolution
		{08D7DB6C-D083-4042-A85D-7F7EAD4B7146}.Debug|Any CPU.ActiveCfg = Debug|Any CPU
		{08D7DB6C-D083-4042-A85D-7F7EAD4B7146}.Debug|Any CPU.Build.0 = Debug|Any CPU
		{08D7DB6C-D083-4042-A85D-7F7EAD4B7146}.Release|Any CPU.ActiveCfg = Release|Any CPU
		{08D7DB6C-D083-4042-A85D-7F7EAD4B7146}.Release|Any CPU.Build.0 = Release|Any CPU
	EndGlobalSection
	GlobalSection(SolutionProperties) = preSolution
		HideSolutionNode = FALSE
	EndGlobalSection
	GlobalSection(ExtensibilityGlobals) = postSolution
		SolutionGuid = {EA2260B6-309D-468D-9809-DBBF5F21DC35}
	EndGlobalSection
EndGlobal
