
Microsoft Visual Studio Solution File, Format Version 12.00
# Visual Studio Version 17
VisualStudioVersion = 17.3.32901.215
MinimumVisualStudioVersion = 10.0.40219.1
Project("{FAE04EC0-301F-11D3-BF4B-00C04F79EFBC}") = "neon", "neon\neon.csproj", "{C2665677-0FCD-4353-97A4-E9D4D503A618}"
EndProject
Global
	GlobalSection(SolutionConfigurationPlatforms) = preSolution
		Debug|Any CPU = Debug|Any CPU
		Release|Any CPU = Release|Any CPU
	EndGlobalSection
	GlobalSection(ProjectConfigurationPlatforms) = postSolution
		{C2665677-0FCD-4353-97A4-E9D4D503A618}.Debug|Any CPU.ActiveCfg = Debug|Any CPU
		{C2665677-0FCD-4353-97A4-E9D4D503A618}.Debug|Any CPU.Build.0 = Debug|Any CPU
		{C2665677-0FCD-4353-97A4-E9D4D503A618}.Release|Any CPU.ActiveCfg = Release|Any CPU
		{C2665677-0FCD-4353-97A4-E9D4D503A618}.Release|Any CPU.Build.0 = Release|Any CPU
	EndGlobalSection
	GlobalSection(SolutionProperties) = preSolution
		HideSolutionNode = FALSE
	EndGlobalSection
	GlobalSection(ExtensibilityGlobals) = postSolution
		SolutionGuid = {0EE80F48-5A78-4368-B1B4-B08058AF5426}
	EndGlobalSection
EndGlobal
